
Microsoft Visual Studio Solution File, Format Version 12.00
# Visual Studio Version 17
VisualStudioVersion = 17.9.34723.18
MinimumVisualStudioVersion = 10.0.40219.1
Project("{888888A0-9F3D-457C-B088-3A5042F75D52}") = "Word_analysis", "Word_analysis\Word_analysis.pyproj", "{2B4FDAB5-CA81-475C-AFEE-F52DA6874B13}"
EndProject
Global
	GlobalSection(SolutionConfigurationPlatforms) = preSolution
		Debug|Any CPU = Debug|Any CPU
		Release|Any CPU = Release|Any CPU
	EndGlobalSection
	GlobalSection(ProjectConfigurationPlatforms) = postSolution
		{2B4FDAB5-CA81-475C-AFEE-F52DA6874B13}.Debug|Any CPU.ActiveCfg = Debug|Any CPU
		{2B4FDAB5-CA81-475C-AFEE-F52DA6874B13}.Release|Any CPU.ActiveCfg = Release|Any CPU
	EndGlobalSection
	GlobalSection(SolutionProperties) = preSolution
		HideSolutionNode = FALSE
	EndGlobalSection
	GlobalSection(ExtensibilityGlobals) = postSolution
		SolutionGuid = {62E1C3E3-6BC3-4207-8EEB-7FA8E26A466A}
	EndGlobalSection
EndGlobal
